
Microsoft Visual Studio Solution File, Format Version 12.00
# Visual Studio Version 17
VisualStudioVersion = 17.4.33205.214
MinimumVisualStudioVersion = 10.0.40219.1
Project("{FAE04EC0-301F-11D3-BF4B-00C04F79EFBC}") = "Api", "Api\Api.csproj", "{EAF5B47F-3E15-4FF9-AC7D-4C82C7356F2C}"
EndProject
Global
	GlobalSection(SolutionConfigurationPlatforms) = preSolution
		Debug|Any CPU = Debug|Any CPU
		Release|Any CPU = Release|Any CPU
	EndGlobalSection
	GlobalSection(ProjectConfigurationPlatforms) = postSolution
		{EAF5B47F-3E15-4FF9-AC7D-4C82C7356F2C}.Debug|Any CPU.ActiveCfg = Debug|Any CPU
		{EAF5B47F-3E15-4FF9-AC7D-4C82C7356F2C}.Debug|Any CPU.Build.0 = Debug|Any CPU
		{EAF5B47F-3E15-4FF9-AC7D-4C82C7356F2C}.Release|Any CPU.ActiveCfg = Release|Any CPU
		{EAF5B47F-3E15-4FF9-AC7D-4C82C7356F2C}.Release|Any CPU.Build.0 = Release|Any CPU
	EndGlobalSection
	GlobalSection(SolutionProperties) = preSolution
		HideSolutionNode = FALSE
	EndGlobalSection
	GlobalSection(ExtensibilityGlobals) = postSolution
		SolutionGuid = {A671DBDB-95E4-4AC2-BD34-E1D7561FE622}
	EndGlobalSection
EndGlobal
